{
  "name": "TAW-Project",
  "lockfileVersion": 3,
  "requires": true,
  "packages": {
    "": {
      "dependencies": {
        "mongoose-validators": "^0.1.0"
      }
    },
    "node_modules/mongoose-validators": {
      "version": "0.1.0",
      "resolved": "https://registry.npmjs.org/mongoose-validators/-/mongoose-validators-0.1.0.tgz",
      "integrity": "sha512-mukl1mnJ0cXcwj+//iIZ4KKXtSmG+7m2Jh1mt7r/Z1mdCvkjeDaFBL77KCqYS5bEWRUxZdqSIMo5ERsBAQPGpQ==",
      "dependencies": {
        "validator": "3.16.0"
      }
    },
    "node_modules/validator": {
      "version": "3.16.0",
      "resolved": "https://registry.npmjs.org/validator/-/validator-3.16.0.tgz",
      "integrity": "sha512-kcKIlMbWtUv6vp/pChS5+OMcbNchSTSQitcvAaqwQ122fSwBLPcUJ0FJ45luSu9b+zqgMkgMVFAXPFNkrVvPaw==",
      "engines": {
        "node": ">= 0.10"
      }
    }
  }
}
